Microsoft Visual Studio Solution File, Format Version 12.00
# Visual Studio Version 17
VisualStudioVersion = 17.5.2.0
MinimumVisualStudioVersion = 10.0.40219.1
Project("{FAE04EC0-301F-11D3-BF4B-00C04F79EFBC}") = "ExampleWebApi", "ExampleWebApi.csproj", "{078912DF-2BC8-7E64-CA8D-92E0C1E8D604}"
EndProject
Global
	GlobalSection(SolutionConfigurationPlatforms) = preSolution
		Debug|Any CPU = Debug|Any CPU
		Release|Any CPU = Release|Any CPU
	EndGlobalSection
	GlobalSection(ProjectConfigurationPlatforms) = postSolution
		{078912DF-2BC8-7E64-CA8D-92E0C1E8D604}.Debug|Any CPU.ActiveCfg = Debug|Any CPU
		{078912DF-2BC8-7E64-CA8D-92E0C1E8D604}.Debug|Any CPU.Build.0 = Debug|Any CPU
		{078912DF-2BC8-7E64-CA8D-92E0C1E8D604}.Release|Any CPU.ActiveCfg = Release|Any CPU
		{078912DF-2BC8-7E64-CA8D-92E0C1E8D604}.Release|Any CPU.Build.0 = Release|Any CPU
	EndGlobalSection
	GlobalSection(SolutionProperties) = preSolution
		HideSolutionNode = FALSE
	EndGlobalSection
	GlobalSection(ExtensibilityGlobals) = postSolution
		SolutionGuid = {D4379FD7-8F3A-433D-9C49-43805D956A86}
	EndGlobalSection
EndGlobal
